// !$*UTF8*$!
{
	archiveVersion = 1;
	classes = {
	};
	objectVersion = 50;
	objects = {

/* Begin PBXBuildFile section */
		552E8B9DA012EBD2A6E85A31 /* xptuto_impl.cpp in Sources */ = {isa = PBXBuildFile; fileRef = 552E8902D059B3B1BDA731FB /* xptuto_impl.cpp */; };
		552E8F1FCD470E5A7A5E350A /* apple_threads.mm in Sources */ = {isa = PBXBuildFile; fileRef = 552E8237535337BC485CFDC4 /* apple_threads.mm */; };
		552E8F5383ABE26EB92970EB /* base_threads.cpp in Sources */ = {isa = PBXBuildFile; fileRef = 552E89161862E05DF3AE28C5 /* base_threads.cpp */; };
		F406110C247038BF0097FD26 /* get_repos_cb_impl.cpp in Sources */ = {isa = PBXBuildFile; fileRef = F4061109247038BE0097FD26 /* get_repos_cb_impl.cpp */; };
		F406110D247038BF0097FD26 /* get_user_cb_impl.cpp in Sources */ = {isa = PBXBuildFile; fileRef = F406110B247038BF0097FD26 /* get_user_cb_impl.cpp */; };
		F448D3A7246F51DE002DBE83 /* get_users_cb_impl.cpp in Sources */ = {isa = PBXBuildFile; fileRef = F448D39F246F51DE002DBE83 /* get_users_cb_impl.cpp */; };
		F448D3A8246F51DE002DBE83 /* apple_http_client.mm in Sources */ = {isa = PBXBuildFile; fileRef = F448D3A2246F51DE002DBE83 /* apple_http_client.mm */; };
		F448D3A9246F51DE002DBE83 /* http_callback_impl.cpp in Sources */ = {isa = PBXBuildFile; fileRef = F448D3A4246F51DE002DBE83 /* http_callback_impl.cpp */; };
		F4AB7909245E06E100043156 /* AppDelegate.mm in Sources */ = {isa = PBXBuildFile; fileRef = F4AB7908245E06E100043156 /* AppDelegate.mm */; };
		F4AB790C245E06E100043156 /* SceneDelegate.mm in Sources */ = {isa = PBXBuildFile; fileRef = F4AB790B245E06E100043156 /* SceneDelegate.mm */; };
		F4AB790F245E06E100043156 /* ViewController.mm in Sources */ = {isa = PBXBuildFile; fileRef = F4AB790E245E06E100043156 /* ViewController.mm */; };
		F4AB7912245E06E100043156 /* Main.storyboard in Resources */ = {isa = PBXBuildFile; fileRef = F4AB7910245E06E100043156 /* Main.storyboard */; };
		F4AB7914245E06E900043156 /* Assets.xcassets in Resources */ = {isa = PBXBuildFile; fileRef = F4AB7913245E06E900043156 /* Assets.xcassets */; };
		F4AB7917245E06E900043156 /* LaunchScreen.storyboard in Resources */ = {isa = PBXBuildFile; fileRef = F4AB7915245E06E900043156 /* LaunchScreen.storyboard */; };
		F4AB791A245E06E900043156 /* main.mm in Sources */ = {isa = PBXBuildFile; fileRef = F4AB7919245E06E900043156 /* main.mm */; };
		F4AB7922245E082D00043156 /* UIKit.framework in Frameworks */ = {isa = PBXBuildFile; fileRef = F4AB7921245E082D00043156 /* UIKit.framework */; };
		F4B4A0B32477DCED007CF3C3 /* libsqlite3.tbd in Frameworks */ = {isa = PBXBuildFile; fileRef = F4B4A0B22477DCEC007CF3C3 /* libsqlite3.tbd */; };
/* End PBXBuildFile section */

/* Begin PBXFileReference section */
		552E8229A10AF4F368235BD8 /* base_threads.hpp */ = {isa = PBXFileReference; fileEncoding = 4; lastKnownFileType = sourcecode.cpp.h; path = base_threads.hpp; sourceTree = "<group>"; };
		552E8237535337BC485CFDC4 /* apple_threads.mm */ = {isa = PBXFileReference; fileEncoding = 4; lastKnownFileType = sourcecode.cpp.objcpp; path = apple_threads.mm; sourceTree = "<group>"; };
		552E865DC5EA54049B73D80F /* xptuto.hpp */ = {isa = PBXFileReference; fileEncoding = 4; lastKnownFileType = sourcecode.cpp.h; path = xptuto.hpp; sourceTree = "<group>"; };
		552E87B99C28C48B23BB30FD /* apple_threads.hpp */ = {isa = PBXFileReference; fileEncoding = 4; lastKnownFileType = sourcecode.cpp.h; path = apple_threads.hpp; sourceTree = "<group>"; };
		552E887A408B5344D202ABC8 /* user.hpp */ = {isa = PBXFileReference; fileEncoding = 4; lastKnownFileType = sourcecode.cpp.h; path = user.hpp; sourceTree = "<group>"; };
		552E8902D059B3B1BDA731FB /* xptuto_impl.cpp */ = {isa = PBXFileReference; fileEncoding = 4; lastKnownFileType = sourcecode.cpp.cpp; path = xptuto_impl.cpp; sourceTree = "<group>"; };
		552E89161862E05DF3AE28C5 /* base_threads.cpp */ = {isa = PBXFileReference; fileEncoding = 4; lastKnownFileType = sourcecode.cpp.cpp; path = base_threads.cpp; sourceTree = "<group>"; };
		552E8A2D2F1B125EE62303E2 /* repo.hpp */ = {isa = PBXFileReference; fileEncoding = 4; lastKnownFileType = sourcecode.cpp.h; path = repo.hpp; sourceTree = "<group>"; };
		552E8CAA7FDD4B77EC379C32 /* platform_threads.hpp */ = {isa = PBXFileReference; fileEncoding = 4; lastKnownFileType = sourcecode.cpp.h; path = platform_threads.hpp; sourceTree = "<group>"; };
		552E8D263BDAB733DC59F270 /* thread_func.hpp */ = {isa = PBXFileReference; fileEncoding = 4; lastKnownFileType = sourcecode.cpp.h; path = thread_func.hpp; sourceTree = "<group>"; };
		552E8FB32EE41F47FED70338 /* xptuto_impl.hpp */ = {isa = PBXFileReference; fileEncoding = 4; lastKnownFileType = sourcecode.cpp.h; path = xptuto_impl.hpp; sourceTree = "<group>"; };
		F4061108247038BE0097FD26 /* get_repos_cb_impl.hpp */ = {isa = PBXFileReference; fileEncoding = 4; lastKnownFileType = sourcecode.cpp.h; path = get_repos_cb_impl.hpp; sourceTree = "<group>"; };
		F4061109247038BE0097FD26 /* get_repos_cb_impl.cpp */ = {isa = PBXFileReference; fileEncoding = 4; lastKnownFileType = sourcecode.cpp.cpp; path = get_repos_cb_impl.cpp; sourceTree = "<group>"; };
		F406110A247038BE0097FD26 /* get_user_cb_impl.hpp */ = {isa = PBXFileReference; fileEncoding = 4; lastKnownFileType = sourcecode.cpp.h; path = get_user_cb_impl.hpp; sourceTree = "<group>"; };
		F406110B247038BF0097FD26 /* get_user_cb_impl.cpp */ = {isa = PBXFileReference; fileEncoding = 4; lastKnownFileType = sourcecode.cpp.cpp; path = get_user_cb_impl.cpp; sourceTree = "<group>"; };
		F448D39C246F51DE002DBE83 /* json_parser.hpp */ = {isa = PBXFileReference; fileEncoding = 4; lastKnownFileType = sourcecode.cpp.h; path = json_parser.hpp; sourceTree = "<group>"; };
		F448D39E246F51DE002DBE83 /* get_users_cb_impl.hpp */ = {isa = PBXFileReference; fileEncoding = 4; lastKnownFileType = sourcecode.cpp.h; path = get_users_cb_impl.hpp; sourceTree = "<group>"; };
		F448D39F246F51DE002DBE83 /* get_users_cb_impl.cpp */ = {isa = PBXFileReference; fileEncoding = 4; lastKnownFileType = sourcecode.cpp.cpp; path = get_users_cb_impl.cpp; sourceTree = "<group>"; };
		F448D3A0246F51DE002DBE83 /* date.h */ = {isa = PBXFileReference; fileEncoding = 4; lastKnownFileType = sourcecode.c.h; path = date.h; sourceTree = "<group>"; };
		F448D3A2246F51DE002DBE83 /* apple_http_client.mm */ = {isa = PBXFileReference; fileEncoding = 4; lastKnownFileType = sourcecode.cpp.objcpp; path = apple_http_client.mm; sourceTree = "<group>"; };
		F448D3A3246F51DE002DBE83 /* apple_http_client.hpp */ = {isa = PBXFileReference; fileEncoding = 4; lastKnownFileType = sourcecode.cpp.h; path = apple_http_client.hpp; sourceTree = "<group>"; };
		F448D3A4246F51DE002DBE83 /* http_callback_impl.cpp */ = {isa = PBXFileReference; fileEncoding = 4; lastKnownFileType = sourcecode.cpp.cpp; path = http_callback_impl.cpp; sourceTree = "<group>"; };
		F448D3A5246F51DE002DBE83 /* http_callback_impl.hpp */ = {isa = PBXFileReference; fileEncoding = 4; lastKnownFileType = sourcecode.cpp.h; path = http_callback_impl.hpp; sourceTree = "<group>"; };
		F448D3AA246F51EE002DBE83 /* get_users_cb.hpp */ = {isa = PBXFileReference; fileEncoding = 4; lastKnownFileType = sourcecode.cpp.h; path = get_users_cb.hpp; sourceTree = "<group>"; };
		F448D3AB246F51EE002DBE83 /* http_callback.hpp */ = {isa = PBXFileReference; fileEncoding = 4; lastKnownFileType = sourcecode.cpp.h; path = http_callback.hpp; sourceTree = "<group>"; };
		F448D3AC246F51EE002DBE83 /* http_client.hpp */ = {isa = PBXFileReference; fileEncoding = 4; lastKnownFileType = sourcecode.cpp.h; path = http_client.hpp; sourceTree = "<group>"; };
		F448D3AD246F51EE002DBE83 /* get_repos_cb.hpp */ = {isa = PBXFileReference; fileEncoding = 4; lastKnownFileType = sourcecode.cpp.h; path = get_repos_cb.hpp; sourceTree = "<group>"; };
		F448D3AE246F51EE002DBE83 /* http_response.hpp */ = {isa = PBXFileReference; fileEncoding = 4; lastKnownFileType = sourcecode.cpp.h; path = http_response.hpp; sourceTree = "<group>"; };
		F448D3B2246F5213002DBE83 /* DJIMarshal+Private.h */ = {isa = PBXFileReference; fileEncoding = 4; lastKnownFileType = sourcecode.c.h; path = "DJIMarshal+Private.h"; sourceTree = "<group>"; };
		F448D3B4246F521F002DBE83 /* json.hpp */ = {isa = PBXFileReference; fileEncoding = 4; lastKnownFileType = sourcecode.cpp.h; path = json.hpp; sourceTree = "<group>"; };
		F4836D16247039AB00F2A3FC /* get_user_cb.hpp */ = {isa = PBXFileReference; fileEncoding = 4; lastKnownFileType = sourcecode.cpp.h; path = get_user_cb.hpp; sourceTree = "<group>"; };
		F4AB7904245E06E100043156 /* xptuto.app */ = {isa = PBXFileReference; explicitFileType = wrapper.application; includeInIndex = 0; path = xptuto.app; sourceTree = BUILT_PRODUCTS_DIR; };
		F4AB7907245E06E100043156 /* AppDelegate.h */ = {isa = PBXFileReference; lastKnownFileType = sourcecode.c.h; path = AppDelegate.h; sourceTree = "<group>"; };
		F4AB7908245E06E100043156 /* AppDelegate.mm */ = {isa = PBXFileReference; lastKnownFileType = sourcecode.cpp.objcpp; path = AppDelegate.mm; sourceTree = "<group>"; };
		F4AB790A245E06E100043156 /* SceneDelegate.h */ = {isa = PBXFileReference; lastKnownFileType = sourcecode.c.h; path = SceneDelegate.h; sourceTree = "<group>"; };
		F4AB790B245E06E100043156 /* SceneDelegate.mm */ = {isa = PBXFileReference; lastKnownFileType = sourcecode.cpp.objcpp; path = SceneDelegate.mm; sourceTree = "<group>"; };
		F4AB790D245E06E100043156 /* ViewController.h */ = {isa = PBXFileReference; lastKnownFileType = sourcecode.c.h; path = ViewController.h; sourceTree = "<group>"; };
		F4AB790E245E06E100043156 /* ViewController.mm */ = {isa = PBXFileReference; lastKnownFileType = sourcecode.cpp.objcpp; path = ViewController.mm; sourceTree = "<group>"; };
		F4AB7911245E06E100043156 /* Base */ = {isa = PBXFileReference; lastKnownFileType = file.storyboard; name = Base; path = Base.lproj/Main.storyboard; sourceTree = "<group>"; };
		F4AB7913245E06E900043156 /* Assets.xcassets */ = {isa = PBXFileReference; lastKnownFileType = folder.assetcatalog; path = Assets.xcassets; sourceTree = "<group>"; };
		F4AB7916245E06E900043156 /* Base */ = {isa = PBXFileReference; lastKnownFileType = file.storyboard; name = Base; path = Base.lproj/LaunchScreen.storyboard; sourceTree = "<group>"; };
		F4AB7918245E06E900043156 /* Info.plist */ = {isa = PBXFileReference; lastKnownFileType = text.plist.xml; path = Info.plist; sourceTree = "<group>"; };
		F4AB7919245E06E900043156 /* main.mm */ = {isa = PBXFileReference; lastKnownFileType = sourcecode.cpp.objcpp; path = main.mm; sourceTree = "<group>"; };
		F4AB7921245E082D00043156 /* UIKit.framework */ = {isa = PBXFileReference; lastKnownFileType = wrapper.framework; name = UIKit.framework; path = System/Library/Frameworks/UIKit.framework; sourceTree = SDKROOT; };
		F4B4A0B22477DCEC007CF3C3 /* libsqlite3.tbd */ = {isa = PBXFileReference; lastKnownFileType = "sourcecode.text-based-dylib-definition"; name = libsqlite3.tbd; path = usr/lib/libsqlite3.tbd; sourceTree = SDKROOT; };
/* End PBXFileReference section */

/* Begin PBXFrameworksBuildPhase section */
		F4AB7901245E06E100043156 /* Frameworks */ = {
			isa = PBXFrameworksBuildPhase;
			buildActionMask = 2147483647;
			files = (
				F4B4A0B32477DCED007CF3C3 /* libsqlite3.tbd in Frameworks */,
				F4AB7922245E082D00043156 /* UIKit.framework in Frameworks */,
			);
			runOnlyForDeploymentPostprocessing = 0;
		};
/* End PBXFrameworksBuildPhase section */

/* Begin PBXGroup section */
		552E89D046455E9B82FD90FB /* src */ = {
			isa = PBXGroup;
			children = (
				F448D3B3246F521F002DBE83 /* nlohmann */,
				F448D3B1246F5213002DBE83 /* objc */,
				552E8B48DF66484F481C78C1 /* gen */,
				552E8EEA3AA6FDC77E4E6D50 /* impl */,
			);
			name = src;
			path = common_src;
			sourceTree = "<group>";
		};
		552E8B48DF66484F481C78C1 /* gen */ = {
			isa = PBXGroup;
			children = (
				F4836D16247039AB00F2A3FC /* get_user_cb.hpp */,
				F448D3AD246F51EE002DBE83 /* get_repos_cb.hpp */,
				F448D3AA246F51EE002DBE83 /* get_users_cb.hpp */,
				F448D3AB246F51EE002DBE83 /* http_callback.hpp */,
				F448D3AC246F51EE002DBE83 /* http_client.hpp */,
				F448D3AE246F51EE002DBE83 /* http_response.hpp */,
				552E8A2D2F1B125EE62303E2 /* repo.hpp */,
				552E887A408B5344D202ABC8 /* user.hpp */,
				552E865DC5EA54049B73D80F /* xptuto.hpp */,
				552E8CAA7FDD4B77EC379C32 /* platform_threads.hpp */,
				552E8D263BDAB733DC59F270 /* thread_func.hpp */,
			);
			path = gen;
			sourceTree = "<group>";
		};
		552E8EEA3AA6FDC77E4E6D50 /* impl */ = {
			isa = PBXGroup;
			children = (
				F4061109247038BE0097FD26 /* get_repos_cb_impl.cpp */,
				F4061108247038BE0097FD26 /* get_repos_cb_impl.hpp */,
				F406110B247038BF0097FD26 /* get_user_cb_impl.cpp */,
				F406110A247038BE0097FD26 /* get_user_cb_impl.hpp */,
				F448D3A3246F51DE002DBE83 /* apple_http_client.hpp */,
				F448D3A2246F51DE002DBE83 /* apple_http_client.mm */,
				F448D3A0246F51DE002DBE83 /* date.h */,
				F448D39F246F51DE002DBE83 /* get_users_cb_impl.cpp */,
				F448D39E246F51DE002DBE83 /* get_users_cb_impl.hpp */,
				F448D3A4246F51DE002DBE83 /* http_callback_impl.cpp */,
				F448D3A5246F51DE002DBE83 /* http_callback_impl.hpp */,
				F448D39C246F51DE002DBE83 /* json_parser.hpp */,
				552E8902D059B3B1BDA731FB /* xptuto_impl.cpp */,
				552E8FB32EE41F47FED70338 /* xptuto_impl.hpp */,
				552E87B99C28C48B23BB30FD /* apple_threads.hpp */,
				552E8237535337BC485CFDC4 /* apple_threads.mm */,
				552E89161862E05DF3AE28C5 /* base_threads.cpp */,
				552E8229A10AF4F368235BD8 /* base_threads.hpp */,
			);
			path = impl;
			sourceTree = "<group>";
		};
		F448D3B1246F5213002DBE83 /* objc */ = {
			isa = PBXGroup;
			children = (
				F448D3B2246F5213002DBE83 /* DJIMarshal+Private.h */,
			);
			path = objc;
			sourceTree = "<group>";
		};
		F448D3B3246F521F002DBE83 /* nlohmann */ = {
			isa = PBXGroup;
			children = (
				F448D3B4246F521F002DBE83 /* json.hpp */,
			);
			path = nlohmann;
			sourceTree = "<group>";
		};
		F4AB78FB245E06E100043156 = {
			isa = PBXGroup;
			children = (
				F4AB7906245E06E100043156 /* xptuto */,
				F4AB7905245E06E100043156 /* Products */,
				F4AB7920245E082D00043156 /* Frameworks */,
			);
			sourceTree = "<group>";
		};
		F4AB7905245E06E100043156 /* Products */ = {
			isa = PBXGroup;
			children = (
				F4AB7904245E06E100043156 /* xptuto.app */,
			);
			name = Products;
			sourceTree = "<group>";
		};
		F4AB7906245E06E100043156 /* xptuto */ = {
			isa = PBXGroup;
			children = (
				F4AB7907245E06E100043156 /* AppDelegate.h */,
				F4AB7908245E06E100043156 /* AppDelegate.mm */,
				F4AB790A245E06E100043156 /* SceneDelegate.h */,
				F4AB790B245E06E100043156 /* SceneDelegate.mm */,
				F4AB790D245E06E100043156 /* ViewController.h */,
				F4AB790E245E06E100043156 /* ViewController.mm */,
				F4AB7910245E06E100043156 /* Main.storyboard */,
				F4AB7913245E06E900043156 /* Assets.xcassets */,
				F4AB7915245E06E900043156 /* LaunchScreen.storyboard */,
				F4AB7918245E06E900043156 /* Info.plist */,
				F4AB7919245E06E900043156 /* main.mm */,
				552E89D046455E9B82FD90FB /* src */,
			);
			path = xptuto;
			sourceTree = "<group>";
		};
		F4AB7920245E082D00043156 /* Frameworks */ = {
			isa = PBXGroup;
			children = (
				F4B4A0B22477DCEC007CF3C3 /* libsqlite3.tbd */,
				F4AB7921245E082D00043156 /* UIKit.framework */,
			);
			name = Frameworks;
			sourceTree = "<group>";
		};
/* End PBXGroup section */

/* Begin PBXNativeTarget section */
		F4AB7903245E06E100043156 /* xptuto */ = {
			isa = PBXNativeTarget;
			buildConfigurationList = F4AB791D245E06E900043156 /* Build configuration list for PBXNativeTarget "xptuto" */;
			buildPhases = (
				F4AB7900245E06E100043156 /* Sources */,
				F4AB7901245E06E100043156 /* Frameworks */,
				F4AB7902245E06E100043156 /* Resources */,
			);
			buildRules = (
			);
			dependencies = (
			);
			name = xptuto;
			productName = xptuto;
			productReference = F4AB7904245E06E100043156 /* xptuto.app */;
			productType = "com.apple.product-type.application";
		};
/* End PBXNativeTarget section */

/* Begin PBXProject section */
		F4AB78FC245E06E100043156 /* Project object */ = {
			isa = PBXProject;
			attributes = {
				LastUpgradeCheck = 1140;
				ORGANIZATIONNAME = example;
				TargetAttributes = {
					F4AB7903245E06E100043156 = {
						CreatedOnToolsVersion = 11.4.1;
					};
				};
			};
			buildConfigurationList = F4AB78FF245E06E100043156 /* Build configuration list for PBXProject "xptuto" */;
			compatibilityVersion = "Xcode 9.3";
			developmentRegion = en;
			hasScannedForEncodings = 0;
			knownRegions = (
				en,
				Base,
			);
			mainGroup = F4AB78FB245E06E100043156;
			productRefGroup = F4AB7905245E06E100043156 /* Products */;
			projectDirPath = "";
			projectRoot = "";
			targets = (
				F4AB7903245E06E100043156 /* xptuto */,
			);
		};
/* End PBXProject section */

/* Begin PBXResourcesBuildPhase section */
		F4AB7902245E06E100043156 /* Resources */ = {
			isa = PBXResourcesBuildPhase;
			buildActionMask = 2147483647;
			files = (
				F4AB7917245E06E900043156 /* LaunchScreen.storyboard in Resources */,
				F4AB7914245E06E900043156 /* Assets.xcassets in Resources */,
				F4AB7912245E06E100043156 /* Main.storyboard in Resources */,
			);
			runOnlyForDeploymentPostprocessing = 0;
		};
/* End PBXResourcesBuildPhase section */

/* Begin PBXSourcesBuildPhase section */
		F4AB7900245E06E100043156 /* Sources */ = {
			isa = PBXSourcesBuildPhase;
			buildActionMask = 2147483647;
			files = (
				F448D3A7246F51DE002DBE83 /* get_users_cb_impl.cpp in Sources */,
				F4AB790F245E06E100043156 /* ViewController.mm in Sources */,
				F406110D247038BF0097FD26 /* get_user_cb_impl.cpp in Sources */,
				F406110C247038BF0097FD26 /* get_repos_cb_impl.cpp in Sources */,
				F4AB7909245E06E100043156 /* AppDelegate.mm in Sources */,
				F448D3A8246F51DE002DBE83 /* apple_http_client.mm in Sources */,
				F4AB791A245E06E900043156 /* main.mm in Sources */,
				F4AB790C245E06E100043156 /* SceneDelegate.mm in Sources */,
				552E8B9DA012EBD2A6E85A31 /* xptuto_impl.cpp in Sources */,
				F448D3A9246F51DE002DBE83 /* http_callback_impl.cpp in Sources */,
				552E8F1FCD470E5A7A5E350A /* apple_threads.mm in Sources */,
				552E8F5383ABE26EB92970EB /* base_threads.cpp in Sources */,
			);
			runOnlyForDeploymentPostprocessing = 0;
		};
/* End PBXSourcesBuildPhase section */

/* Begin PBXVariantGroup section */
		F4AB7910245E06E100043156 /* Main.storyboard */ = {
			isa = PBXVariantGroup;
			children = (
				F4AB7911245E06E100043156 /* Base */,
			);
			name = Main.storyboard;
			sourceTree = "<group>";
		};
		F4AB7915245E06E900043156 /* LaunchScreen.storyboard */ = {
			isa = PBXVariantGroup;
			children = (
				F4AB7916245E06E900043156 /* Base */,
			);
			name = LaunchScreen.storyboard;
			sourceTree = "<group>";
		};
/* End PBXVariantGroup section */

/* Begin XCBuildConfiguration section */
		F4AB791B245E06E900043156 /* Debug */ = {
			isa = XCBuildConfiguration;
			buildSettings = {
				ALWAYS_SEARCH_USER_PATHS = NO;
				CLANG_ANALYZER_NONNULL = YES;
				CLANG_ANALYZER_NUMBER_OBJECT_CONVERSION = YES_AGGRESSIVE;
				CLANG_CXX_LANGUAGE_STANDARD = "gnu++14";
				CLANG_CXX_LIBRARY = "libc++";
				CLANG_ENABLE_MODULES = YES;
				CLANG_ENABLE_OBJC_ARC = YES;
				CLANG_ENABLE_OBJC_WEAK = YES;
				CLANG_WARN_BLOCK_CAPTURE_AUTORELEASING = YES;
				CLANG_WARN_BOOL_CONVERSION = YES;
				CLANG_WARN_COMMA = YES;
				CLANG_WARN_CONSTANT_CONVERSION = YES;
				CLANG_WARN_DEPRECATED_OBJC_IMPLEMENTATIONS = YES;
				CLANG_WARN_DIRECT_OBJC_ISA_USAGE = YES_ERROR;
				CLANG_WARN_DOCUMENTATION_COMMENTS = YES;
				CLANG_WARN_EMPTY_BODY = YES;
				CLANG_WARN_ENUM_CONVERSION = YES;
				CLANG_WARN_INFINITE_RECURSION = YES;
				CLANG_WARN_INT_CONVERSION = YES;
				CLANG_WARN_NON_LITERAL_NULL_CONVERSION = YES;
				CLANG_WARN_OBJC_IMPLICIT_RETAIN_SELF = YES;
				CLANG_WARN_OBJC_LITERAL_CONVERSION = YES;
				CLANG_WARN_OBJC_ROOT_CLASS = YES_ERROR;
				CLANG_WARN_RANGE_LOOP_ANALYSIS = YES;
				CLANG_WARN_STRICT_PROTOTYPES = YES;
				CLANG_WARN_SUSPICIOUS_MOVE = YES;
				CLANG_WARN_UNGUARDED_AVAILABILITY = YES_AGGRESSIVE;
				CLANG_WARN_UNREACHABLE_CODE = YES;
				CLANG_WARN__DUPLICATE_METHOD_MATCH = YES;
				COPY_PHASE_STRIP = NO;
				DEBUG_INFORMATION_FORMAT = dwarf;
				ENABLE_STRICT_OBJC_MSGSEND = YES;
				ENABLE_TESTABILITY = YES;
				GCC_C_LANGUAGE_STANDARD = gnu11;
				GCC_DYNAMIC_NO_PIC = NO;
				GCC_NO_COMMON_BLOCKS = YES;
				GCC_OPTIMIZATION_LEVEL = 0;
				GCC_PREPROCESSOR_DEFINITIONS = (
					"DEBUG=1",
					"$(inherited)",
				);
				GCC_WARN_64_TO_32_BIT_CONVERSION = YES;
				GCC_WARN_ABOUT_RETURN_TYPE = YES_ERROR;
				GCC_WARN_UNDECLARED_SELECTOR = YES;
				GCC_WARN_UNINITIALIZED_AUTOS = YES_AGGRESSIVE;
				GCC_WARN_UNUSED_FUNCTION = YES;
				GCC_WARN_UNUSED_VARIABLE = YES;
				IPHONEOS_DEPLOYMENT_TARGET = 13.4;
				MTL_ENABLE_DEBUG_INFO = INCLUDE_SOURCE;
				MTL_FAST_MATH = YES;
				ONLY_ACTIVE_ARCH = YES;
				SDKROOT = iphoneos;
			};
			name = Debug;
		};
		F4AB791C245E06E900043156 /* Release */ = {
			isa = XCBuildConfiguration;
			buildSettings = {
				ALWAYS_SEARCH_USER_PATHS = NO;
				CLANG_ANALYZER_NONNULL = YES;
				CLANG_ANALYZER_NUMBER_OBJECT_CONVERSION = YES_AGGRESSIVE;
				CLANG_CXX_LANGUAGE_STANDARD = "gnu++14";
				CLANG_CXX_LIBRARY = "libc++";
				CLANG_ENABLE_MODULES = YES;
				CLANG_ENABLE_OBJC_ARC = YES;
				CLANG_ENABLE_OBJC_WEAK = YES;
				CLANG_WARN_BLOCK_CAPTURE_AUTORELEASING = YES;
				CLANG_WARN_BOOL_CONVERSION = YES;
				CLANG_WARN_COMMA = YES;
				CLANG_WARN_CONSTANT_CONVERSION = YES;
				CLANG_WARN_DEPRECATED_OBJC_IMPLEMENTATIONS = YES;
				CLANG_WARN_DIRECT_OBJC_ISA_USAGE = YES_ERROR;
				CLANG_WARN_DOCUMENTATION_COMMENTS = YES;
				CLANG_WARN_EMPTY_BODY = YES;
				CLANG_WARN_ENUM_CONVERSION = YES;
				CLANG_WARN_INFINITE_RECURSION = YES;
				CLANG_WARN_INT_CONVERSION = YES;
				CLANG_WARN_NON_LITERAL_NULL_CONVERSION = YES;
				CLANG_WARN_OBJC_IMPLICIT_RETAIN_SELF = YES;
				CLANG_WARN_OBJC_LITERAL_CONVERSION = YES;
				CLANG_WARN_OBJC_ROOT_CLASS = YES_ERROR;
				CLANG_WARN_RANGE_LOOP_ANALYSIS = YES;
				CLANG_WARN_STRICT_PROTOTYPES = YES;
				CLANG_WARN_SUSPICIOUS_MOVE = YES;
				CLANG_WARN_UNGUARDED_AVAILABILITY = YES_AGGRESSIVE;
				CLANG_WARN_UNREACHABLE_CODE = YES;
				CLANG_WARN__DUPLICATE_METHOD_MATCH = YES;
				COPY_PHASE_STRIP = NO;
				DEBUG_INFORMATION_FORMAT = "dwarf-with-dsym";
				ENABLE_NS_ASSERTIONS = NO;
				ENABLE_STRICT_OBJC_MSGSEND = YES;
				GCC_C_LANGUAGE_STANDARD = gnu11;
				GCC_NO_COMMON_BLOCKS = YES;
				GCC_WARN_64_TO_32_BIT_CONVERSION = YES;
				GCC_WARN_ABOUT_RETURN_TYPE = YES_ERROR;
				GCC_WARN_UNDECLARED_SELECTOR = YES;
				GCC_WARN_UNINITIALIZED_AUTOS = YES_AGGRESSIVE;
				GCC_WARN_UNUSED_FUNCTION = YES;
				GCC_WARN_UNUSED_VARIABLE = YES;
				IPHONEOS_DEPLOYMENT_TARGET = 13.4;
				MTL_ENABLE_DEBUG_INFO = NO;
				MTL_FAST_MATH = YES;
				SDKROOT = iphoneos;
				VALIDATE_PRODUCT = YES;
			};
			name = Release;
		};
		F4AB791E245E06E900043156 /* Debug */ = {
			isa = XCBuildConfiguration;
			buildSettings = {
				ASSETCATALOG_COMPILER_APPICON_NAME = AppIcon;
				CC = "ccache-clang";
				CLANG_CXX_LANGUAGE_STANDARD = "c++17";
				CLANG_ENABLE_MODULES = NO;
				CODE_SIGN_STYLE = Automatic;
				CPLUSPLUS = "ccache-clang++";
				DEVELOPMENT_TEAM = H59Q47N6F3;
				INFOPLIST_FILE = xptuto/Info.plist;
				LD_RUNPATH_SEARCH_PATHS = (
					"$(inherited)",
					"@executable_path/Frameworks",
				);
				PRODUCT_BUNDLE_IDENTIFIER = org.example.xptuto;
				PRODUCT_NAME = "$(TARGET_NAME)";
				TARGETED_DEVICE_FAMILY = "1,2";
			};
			name = Debug;
		};
		F4AB791F245E06E900043156 /* Release */ = {
			isa = XCBuildConfiguration;
			buildSettings = {
				ASSETCATALOG_COMPILER_APPICON_NAME = AppIcon;
				CC = "ccache-clang";
				CLANG_CXX_LANGUAGE_STANDARD = "c++17";
				CLANG_ENABLE_MODULES = NO;
				CODE_SIGN_STYLE = Automatic;
				CPLUSPLUS = "ccache-clang++";
				DEVELOPMENT_TEAM = H59Q47N6F3;
				INFOPLIST_FILE = xptuto/Info.plist;
				LD_RUNPATH_SEARCH_PATHS = (
					"$(inherited)",
					"@executable_path/Frameworks",
				);
				PRODUCT_BUNDLE_IDENTIFIER = org.example.xptuto;
				PRODUCT_NAME = "$(TARGET_NAME)";
				TARGETED_DEVICE_FAMILY = "1,2";
			};
			name = Release;
		};
/* End XCBuildConfiguration section */

/* Begin XCConfigurationList section */
		F4AB78FF245E06E100043156 /* Build configuration list for PBXProject "xptuto" */ = {
			isa = XCConfigurationList;
			buildConfigurations = (
				F4AB791B245E06E900043156 /* Debug */,
				F4AB791C245E06E900043156 /* Release */,
			);
			defaultConfigurationIsVisible = 0;
			defaultConfigurationName = Release;
		};
		F4AB791D245E06E900043156 /* Build configuration list for PBXNativeTarget "xptuto" */ = {
			isa = XCConfigurationList;
			buildConfigurations = (
				F4AB791E245E06E900043156 /* Debug */,
				F4AB791F245E06E900043156 /* Release */,
			);
			defaultConfigurationIsVisible = 0;
			defaultConfigurationName = Release;
		};
/* End XCConfigurationList section */
	};
	rootObject = F4AB78FC245E06E100043156 /* Project object */;
}
